
Microsoft Visual Studio Solution File, Format Version 12.00
# Visual Studio 14
VisualStudioVersion = 14.0.25420.1
MinimumVisualStudioVersion = 10.0.40219.1
Project("{FAE04EC0-301F-11D3-BF4B-00C04F79EFBC}") = "exercise", "exercise\exercise.csproj", "{9474C9B4-72D1-4CF7-85D6-99B436C2654D}"
EndProject
Global
	GlobalSection(SolutionConfigurationPlatforms) = preSolution
		Debug|Any CPU = Debug|Any CPU
		Release|Any CPU = Release|Any CPU
	EndGlobalSection
	GlobalSection(ProjectConfigurationPlatforms) = postSolution
		{9474C9B4-72D1-4CF7-85D6-99B436C2654D}.Debug|Any CPU.ActiveCfg = Debug|Any CPU
		{9474C9B4-72D1-4CF7-85D6-99B436C2654D}.Debug|Any CPU.Build.0 = Debug|Any CPU
		{9474C9B4-72D1-4CF7-85D6-99B436C2654D}.Release|Any CPU.ActiveCfg = Release|Any CPU
		{9474C9B4-72D1-4CF7-85D6-99B436C2654D}.Release|Any CPU.Build.0 = Release|Any CPU
	EndGlobalSection
	GlobalSection(SolutionProperties) = preSolution
		HideSolutionNode = FALSE
	EndGlobalSection
EndGlobal
